
Microsoft Visual Studio Solution File, Format Version 12.00
# Visual Studio Version 16
VisualStudioVersion = 16.0.31321.278
MinimumVisualStudioVersion = 10.0.40219.1
Project("{FAE04EC0-301F-11D3-BF4B-00C04F79EFBC}") = "einstein_riddle", "riddle_einstein_Cshap\einstein_riddle.csproj", "{34A8F2AE-78DB-4B21-BDB5-F62394A7110D}"
EndProject
Global
	GlobalSection(SolutionConfigurationPlatforms) = preSolution
		Debug|Any CPU = Debug|Any CPU
		Release|Any CPU = Release|Any CPU
	EndGlobalSection
	GlobalSection(ProjectConfigurationPlatforms) = postSolution
		{34A8F2AE-78DB-4B21-BDB5-F62394A7110D}.Debug|Any CPU.ActiveCfg = Debug|Any CPU
		{34A8F2AE-78DB-4B21-BDB5-F62394A7110D}.Debug|Any CPU.Build.0 = Debug|Any CPU
		{34A8F2AE-78DB-4B21-BDB5-F62394A7110D}.Release|Any CPU.ActiveCfg = Release|Any CPU
		{34A8F2AE-78DB-4B21-BDB5-F62394A7110D}.Release|Any CPU.Build.0 = Release|Any CPU
	EndGlobalSection
	GlobalSection(SolutionProperties) = preSolution
		HideSolutionNode = FALSE
	EndGlobalSection
	GlobalSection(ExtensibilityGlobals) = postSolution
		SolutionGuid = {D7076DC5-2E81-4FDF-B6EA-5FE3E8B209F9}
	EndGlobalSection
EndGlobal
